{
 "profile_host": "[settings]\narch=x86_64\narch_build=x86_64\nbuild_type=Release\ncompiler=gcc\ncompiler.libcxx=libstdc++11\ncompiler.version=9\nos=Linux\nos_build=Linux\n[options]\n[build_requires]\n[env]\n",
 "graph_lock": {
  "nodes": {
   "0": {
    "pref": null,
    "options": "bzip2:build_executable=True\nbzip2:fPIC=True\nbzip2:shared=False\nfreetype:fPIC=True\nfreetype:shared=False\nfreetype:with_bzip2=True\nfreetype:with_png=True\nfreetype:with_zlib=True\nlibpng:fPIC=True\nlibpng:shared=False\nsfml:audio=False\nsfml:fPIC=True\nsfml:graphics=True\nsfml:network=False\nsfml:shared=False\nsfml:window=True\nzlib:fPIC=True\nzlib:minizip=False\nzlib:shared=False",
    "requires": {
     "sfml/2.5.1@bincrafters/stable#0": "1"
    },
    "path": "/home/george/proj/conanfile.txt"
   },
   "1": {
    "pref": "sfml/2.5.1@bincrafters/stable#0:e6ef907f35a7793fef768baf61e7f6ae7d1ffdf3#12edf775fe1ee471dd4b81ab1297f354",
    "options": "audio=False\nfPIC=True\ngraphics=True\nnetwork=False\nshared=False\nwindow=True\nbzip2:build_executable=True\nbzip2:fPIC=True\nbzip2:shared=False\nfreetype:fPIC=True\nfreetype:shared=False\nfreetype:with_bzip2=True\nfreetype:with_png=True\nfreetype:with_zlib=True\nlibpng:fPIC=True\nlibpng:shared=False\nzlib:fPIC=True\nzlib:minizip=False\nzlib:shared=False",
    "requires": {
     "freetype/2.9.0@bincrafters/stable#0": "2",
     "stb/20180214@conan/stable#0": "6"
    }
   },
   "2": {
    "pref": "freetype/2.9.0@bincrafters/stable#0:387eb5152986b9b3cbc2ebb94607d96d90674d67#306d57c82cb4449a10b63949959207e9",
    "options": "fPIC=True\nshared=False\nwith_bzip2=True\nwith_png=True\nwith_zlib=True\nbzip2:build_executable=True\nbzip2:fPIC=True\nbzip2:shared=False\nlibpng:fPIC=True\nlibpng:shared=False\nzlib:fPIC=True\nzlib:minizip=False\nzlib:shared=False",
    "requires": {
     "libpng/1.6.34@bincrafters/stable#0": "3",
     "zlib/1.2.11@conan/stable#0": "4",
     "bzip2/1.0.6@conan/stable#0": "5"
    }
   },
   "3": {
    "pref": "libpng/1.6.34@bincrafters/stable#0:f99afdbf2a1cc98ba2029817b35103455b6a9b77#2cf2d1d71e6634de3f387a03ccb0e60d",
    "options": "fPIC=True\nshared=False\nzlib:fPIC=True\nzlib:minizip=False\nzlib:shared=False",
    "requires": {
     "zlib/1.2.11@conan/stable#0": "4"
    }
   },
   "4": {
    "pref": "zlib/1.2.11@conan/stable#0:6af9cc7cb931c5ad942174fd7838eb655717c709#0",
    "options": "fPIC=True\nminizip=False\nshared=False"
   },
   "5": {
    "pref": "bzip2/1.0.6@conan/stable#0:da606cf731e334010b0bf6e85a2a6f891b9f36b0#0",
    "options": "build_executable=True\nfPIC=True\nshared=False"
   },
   "6": {
    "pref": "stb/20180214@conan/stable#0:5ab84d6acfe1f23c4fae0ab88f26e3a396351ac9#0",
    "options": ""
   }
  }
 },
 "version": "0.2"
}